
Microsoft Visual Studio Solution File, Format Version 12.00
# Visual Studio Version 17
VisualStudioVersion = 17.3.32922.545
MinimumVisualStudioVersion = 10.0.40219.1
Project("{9A19103F-16F7-4668-BE54-9A1E7A4F7556}") = "GitHubUsersCaptialTransportByJiahuaTong", "GitHubUsersCaptialTransportByJiahuaTong.csproj", "{9CE0D606-9C80-41CF-AB8F-FEF2F55113AB}"
EndProject
Project("{FAE04EC0-301F-11D3-BF4B-00C04F79EFBC}") = "GHPublicAPITest", "..\GHPublicAPITest\GHPublicAPITest.csproj", "{283E20B0-2B91-44EA-9DB2-95A03E723BFB}"
EndProject
Global
	GlobalSection(SolutionConfigurationPlatforms) = preSolution
		Debug|Any CPU = Debug|Any CPU
		Release|Any CPU = Release|Any CPU
	EndGlobalSection
	GlobalSection(ProjectConfigurationPlatforms) = postSolution
		{9CE0D606-9C80-41CF-AB8F-FEF2F55113AB}.Debug|Any CPU.ActiveCfg = Debug|Any CPU
		{9CE0D606-9C80-41CF-AB8F-FEF2F55113AB}.Debug|Any CPU.Build.0 = Debug|Any CPU
		{9CE0D606-9C80-41CF-AB8F-FEF2F55113AB}.Release|Any CPU.ActiveCfg = Release|Any CPU
		{9CE0D606-9C80-41CF-AB8F-FEF2F55113AB}.Release|Any CPU.Build.0 = Release|Any CPU
		{283E20B0-2B91-44EA-9DB2-95A03E723BFB}.Debug|Any CPU.ActiveCfg = Debug|Any CPU
		{283E20B0-2B91-44EA-9DB2-95A03E723BFB}.Debug|Any CPU.Build.0 = Debug|Any CPU
		{283E20B0-2B91-44EA-9DB2-95A03E723BFB}.Release|Any CPU.ActiveCfg = Release|Any CPU
		{283E20B0-2B91-44EA-9DB2-95A03E723BFB}.Release|Any CPU.Build.0 = Release|Any CPU
	EndGlobalSection
	GlobalSection(SolutionProperties) = preSolution
		HideSolutionNode = FALSE
	EndGlobalSection
	GlobalSection(ExtensibilityGlobals) = postSolution
		SolutionGuid = {8EB774BC-38F5-45F2-8967-C0F3FA40977F}
	EndGlobalSection
EndGlobal
